
Microsoft Visual Studio Solution File, Format Version 12.00
# Visual Studio Version 17
VisualStudioVersion = 17.7.34024.191
MinimumVisualStudioVersion = 10.0.40219.1
Project("{FAE04EC0-301F-11D3-BF4B-00C04F79EFBC}") = "D01_Git", "D01_Git\D01_Git.csproj", "{7A4D1483-CD0A-4D3F-9ECB-BE44AFF22CBC}"
EndProject
Global
	GlobalSection(SolutionConfigurationPlatforms) = preSolution
		Debug|Any CPU = Debug|Any CPU
		Release|Any CPU = Release|Any CPU
	EndGlobalSection
	GlobalSection(ProjectConfigurationPlatforms) = postSolution
		{7A4D1483-CD0A-4D3F-9ECB-BE44AFF22CBC}.Debug|Any CPU.ActiveCfg = Debug|Any CPU
		{7A4D1483-CD0A-4D3F-9ECB-BE44AFF22CBC}.Debug|Any CPU.Build.0 = Debug|Any CPU
		{7A4D1483-CD0A-4D3F-9ECB-BE44AFF22CBC}.Release|Any CPU.ActiveCfg = Release|Any CPU
		{7A4D1483-CD0A-4D3F-9ECB-BE44AFF22CBC}.Release|Any CPU.Build.0 = Release|Any CPU
	EndGlobalSection
	GlobalSection(SolutionProperties) = preSolution
		HideSolutionNode = FALSE
	EndGlobalSection
	GlobalSection(ExtensibilityGlobals) = postSolution
		SolutionGuid = {5A068F80-62CA-42DD-B0F6-FCDAF276C326}
	EndGlobalSection
EndGlobal
